
Microsoft Visual Studio Solution File, Format Version 12.00
# Visual Studio Version 16
VisualStudioVersion = 25.0.1705.2
MinimumVisualStudioVersion = 10.0.40219.1
Project("{FAE04EC0-301F-11D3-BF4B-00C04F79EFBC}") = "API", "API\API.csproj", "{391B304A-8005-4FD6-9938-36AB67E4CD6D}"
EndProject
Project("{FAE04EC0-301F-11D3-BF4B-00C04F79EFBC}") = "Client", "Client\Client.csproj", "{DC54E91C-8BAD-47F9-B468-FA7DB88CEDF3}"
EndProject
Global
	GlobalSection(SolutionConfigurationPlatforms) = preSolution
		Debug|Any CPU = Debug|Any CPU
		Release|Any CPU = Release|Any CPU
	EndGlobalSection
	GlobalSection(ProjectConfigurationPlatforms) = postSolution
		{391B304A-8005-4FD6-9938-36AB67E4CD6D}.Debug|Any CPU.ActiveCfg = Debug|Any CPU
		{391B304A-8005-4FD6-9938-36AB67E4CD6D}.Debug|Any CPU.Build.0 = Debug|Any CPU
		{391B304A-8005-4FD6-9938-36AB67E4CD6D}.Release|Any CPU.ActiveCfg = Release|Any CPU
		{391B304A-8005-4FD6-9938-36AB67E4CD6D}.Release|Any CPU.Build.0 = Release|Any CPU
		{DC54E91C-8BAD-47F9-B468-FA7DB88CEDF3}.Debug|Any CPU.ActiveCfg = Debug|Any CPU
		{DC54E91C-8BAD-47F9-B468-FA7DB88CEDF3}.Debug|Any CPU.Build.0 = Debug|Any CPU
		{DC54E91C-8BAD-47F9-B468-FA7DB88CEDF3}.Release|Any CPU.ActiveCfg = Release|Any CPU
		{DC54E91C-8BAD-47F9-B468-FA7DB88CEDF3}.Release|Any CPU.Build.0 = Release|Any CPU
	EndGlobalSection
	GlobalSection(SolutionProperties) = preSolution
		HideSolutionNode = FALSE
	EndGlobalSection
	GlobalSection(ExtensibilityGlobals) = postSolution
		SolutionGuid = {AA30B1E3-0912-4FEA-A2F9-D2F5885C7830}
	EndGlobalSection
EndGlobal
